{
  "nodes": {
    "crane": {
      "locked": {
        "lastModified": 1788465171,
        "narHash": "sha256-Y1/TTVXjYXGF068IThQH9fPSZ0SIE74PABlUxnWTUH0=",
        "owner": "ipetkov",
        "repo": "crane",
        "rev": "eb35abda9f232cc6610b1d1e3200d15c49b7ac54",
        "type": "github"
      },
      "original": {
        "owner": "ipetkov",
        "repo": "crane",
        "type": "github"
      }
    },
    "dank-qml-common": {
      "flake": false,
      "locked": {
        "lastModified": 1788376015,
        "narHash": "sha256-/tT8rTznLADndTwLBzdgzzgfJH1ZhYQibYo5v/F8U+U=",
        "owner": "AvengeMedia",
        "repo": "dank-qml-common",
        "rev": "26396ce432d6c71c3f5367438f96f4a8d667e160",
        "type": "github"
      },
      "original": {
        "owner": "AvengeMedia",
        "repo": "dank-qml-common",
        "type": "github"
      }
    },
    "dms": {
      "inputs": {
        "dank-qml-common": "dank-qml-common",
        "flake-compat": "flake-compat",
        "nixpkgs": [
          "nixpkgs"
        ]
      },
      "locked": {
        "lastModified": 1789657660,
        "narHash": "sha256-NPYX33iiXo6aBwh7umfJzeZQBedupOG7pk5z171ID3s=",
        "owner": "AvengeMedia",
        "repo": "DankMaterialShell",
        "rev": "2db7646fe3ab47fddfdb8723f2da07d61a0d47ac",
        "type": "github"
      },
      "original": {
        "owner": "AvengeMedia",
        "ref": "stable",
        "repo": "DankMaterialShell",
        "type": "github"
      }
    },
    "dms-plugin-registry": {
      "inputs": {
        "nixpkgs": [
          "nixpkgs"
        ]
      },
      "locked": {
        "lastModified": 1790432711,
        "narHash": "sha256-PXBNy12u8UraqleZkM7pqJ7o7PcJMOy9YJnTJa5FUi8=",
        "owner": "AvengeMedia",
        "repo": "dms-plugin-registry",
        "rev": "aa4f8761bc90f8165c55355c23ed73188320e4a8",
        "type": "github"
      },
      "original": {
        "owner": "AvengeMedia",
        "repo": "dms-plugin-registry",
        "type": "github"
      }
    },
    "flake-compat": {
      "flake": false,
      "locked": {
        "lastModified": 1767039857,
        "narHash": "sha256-vNpUSpF5Nuw8xvDLj2KCwwksIbjua2LZCqhV1LNRDns=",
        "owner": "NixOS",
        "repo": "flake-compat",
        "rev": "5edf11c44bc78a0d334f6334cdaf7d60d732daab",
        "type": "github"
      },
      "original": {
        "owner": "NixOS",
        "repo": "flake-compat",
        "type": "github"
      }
    },
    "flake-parts": {
      "inputs": {
        "nixpkgs-lib": "nixpkgs-lib"
      },
      "locked": {
        "lastModified": 1788450739,
        "narHash": "sha256-glZLQlzIn1fXH6PazR2iUmTo7kzzyYSshrWhLS9TqCU=",
        "owner": "hercules-ci",
        "repo": "flake-parts",
        "rev": "31729ca8cbdb4fa927b34e5f4353e6a83f39e993",
        "type": "github"
      },
      "original": {
        "owner": "hercules-ci",
        "repo": "flake-parts",
        "type": "github"
      }
    },
    "flake-utils": {
      "inputs": {
        "systems": "systems"
      },
      "locked": {
        "lastModified": 1731533236,
        "narHash": "sha256-l0KFg5HjrsfsO/JpG+r7fRrqm12kzFHyUHqHCVpMMbI=",
        "owner": "numtide",
        "repo": "flake-utils",
        "rev": "11707dc2f618dd54ca8739b309ec4fc024de578b",
        "type": "github"
      },
      "original": {
        "owner": "numtide",
        "repo": "flake-utils",
        "type": "github"
      }
    },
    "flake-utils_2": {
      "inputs": {
        "systems": "systems_2"
      },
      "locked": {
        "lastModified": 1731533236,
        "narHash": "sha256-l0KFg5HjrsfsO/JpG+r7fRrqm12kzFHyUHqHCVpMMbI=",
        "owner": "numtide",
        "repo": "flake-utils",
        "rev": "11707dc2f618dd54ca8739b309ec4fc024de578b",
        "type": "github"
      },
      "original": {
        "owner": "numtide",
        "repo": "flake-utils",
        "type": "github"
      }
    },
    "git_progress_sync": {
      "inputs": {
        "flake-utils": "flake-utils",
        "nixpkgs": [
          "nixpkgs"
        ],
        "rust-overlay": "rust-overlay"
      },
      "locked": {
        "lastModified": 1782575576,
        "narHash": "sha256-jZQFx+HzHgKFPLymQQUUMM9hfs76eUrpWRh/3DVli4I=",
        "owner": "Peanutt42",
        "repo": "git_progress_sync",
        "rev": "6e446477fe966dfc6e12852b3a52e6e10f118df9",
        "type": "github"
      },
      "original": {
        "owner": "Peanutt42",
        "repo": "git_progress_sync",
        "type": "github"
      }
    },
    "home-manager": {
      "inputs": {
        "nixpkgs": [
          "nixpkgs"
        ]
      },
      "locked": {
        "lastModified": 1790365885,
        "narHash": "sha256-iQ0ebhiVo64NktTnwft9hNxlFu4j5cvljVxyJaEVIP4=",
        "owner": "nix-community",
        "repo": "home-manager",
        "rev": "7b4c5ec4bedaf1e062bbc1bcaeddbc6bd242aa1b",
        "type": "github"
      },
      "original": {
        "owner": "nix-community",
        "repo": "home-manager",
        "type": "github"
      }
    },
    "nixos-hardware": {
      "inputs": {
        "nixpkgs": [
          "nixpkgs"
        ]
      },
      "locked": {
        "lastModified": 1790321948,
        "narHash": "sha256-mZGHLGi217oLIwzDM4PNRZeCNa6g2WBXURyXbNMFs7Y=",
        "owner": "NixOS",
        "repo": "nixos-hardware",
        "rev": "30d48a0ec6035f8140d0125af274f0de95f1e9b5",
        "type": "github"
      },
      "original": {
        "owner": "NixOS",
        "repo": "nixos-hardware",
        "type": "github"
      }
    },
    "nixpkgs": {
      "locked": {
        "lastModified": 1744536153,
        "narHash": "sha256-awS2zRgF4uTwrOKwwiJcByDzDOdo3Q1rPZbiHQg/N38=",
        "owner": "NixOS",
        "repo": "nixpkgs",
        "rev": "18dd725c29603f582cf1900e0d25f9f1063dbf11",
        "type": "github"
      },
      "original": {
        "owner": "NixOS",
        "ref": "nixpkgs-unstable",
        "repo": "nixpkgs",
        "type": "github"
      }
    },
    "nixpkgs-lib": {
      "locked": {
        "lastModified": 1788057806,
        "narHash": "sha256-DTQSMxzDWmT0zhguthvegnVkn7CFqGCv4IHCzk5ZUpM=",
        "owner": "nix-community",
        "repo": "nixpkgs.lib",
        "rev": "596e2e3940e09b2abbeb03f75fa1828c57fcd72c",
        "type": "github"
      },
      "original": {
        "owner": "nix-community",
        "repo": "nixpkgs.lib",
        "type": "github"
      }
    },
    "nixpkgs_2": {
      "locked": {
        "lastModified": 1790323409,
        "narHash": "sha256-VVTPf+Hyd5ebpjBMHmrLMSBIeW6ls48Bqtosj7CNKLA=",
        "owner": "NixOS",
        "repo": "nixpkgs",
        "rev": "e94cb152ed51bd6e24eb4a41f1460252beb52cd2",
        "type": "github"
      },
      "original": {
        "owner": "NixOS",
        "ref": "nixos-unstable",
        "repo": "nixpkgs",
        "type": "github"
      }
    },
    "oniri": {
      "inputs": {
        "flake-utils": "flake-utils_2",
        "nixpkgs": [
          "nixpkgs"
        ]
      },
      "locked": {
        "lastModified": 1788805552,
        "narHash": "sha256-l++Xr1IuUC7Mrtas7ofPhkXL3ljUSDAvoj2k+m+TUqs=",
        "owner": "Peanutt42",
        "repo": "oniri",
        "rev": "d5c4d5ee8ca8c493ed521066b8a4749367caf5db",
        "type": "github"
      },
      "original": {
        "owner": "Peanutt42",
        "ref": "feat/nix-flake",
        "repo": "oniri",
        "type": "github"
      }
    },
    "root": {
      "inputs": {
        "dms": "dms",
        "dms-plugin-registry": "dms-plugin-registry",
        "git_progress_sync": "git_progress_sync",
        "home-manager": "home-manager",
        "nixos-hardware": "nixos-hardware",
        "nixpkgs": "nixpkgs_2",
        "oniri": "oniri",
        "silentSDDM": "silentSDDM",
        "sops-nix": "sops-nix",
        "tmux-sessionizer": "tmux-sessionizer"
      }
    },
    "rust-overlay": {
      "inputs": {
        "nixpkgs": "nixpkgs"
      },
      "locked": {
        "lastModified": 1776222810,
        "narHash": "sha256-5TD8MYqLMcJi9yV/9jq2dVUPtnu/lKZPD61esQCgvqs=",
        "owner": "oxalica",
        "repo": "rust-overlay",
        "rev": "4d6fee71fea68418a48992409b47f1183d0dd111",
        "type": "github"
      },
      "original": {
        "owner": "oxalica",
        "repo": "rust-overlay",
        "type": "github"
      }
    },
    "rust-overlay_2": {
      "inputs": {
        "nixpkgs": [
          "tmux-sessionizer",
          "nixpkgs"
        ]
      },
      "locked": {
        "lastModified": 1788765185,
        "narHash": "sha256-pp8lb5CrKjmscZbTK34HuCaq18zDU4Q6zlaD5dS+Hi4=",
        "owner": "oxalica",
        "repo": "rust-overlay",
        "rev": "ca7f624be3935a5bc46d2c240515491ab8675503",
        "type": "github"
      },
      "original": {
        "owner": "oxalica",
        "repo": "rust-overlay",
        "type": "github"
      }
    },
    "silentSDDM": {
      "inputs": {
        "nixpkgs": [
          "nixpkgs"
        ]
      },
      "locked": {
        "lastModified": 1789658369,
        "narHash": "sha256-5OWSB4OSVl9P60B1X9siRoNIIkhzEzWtiAna//YmFFI=",
        "owner": "uiriansan",
        "repo": "SilentSDDM",
        "rev": "73380d331fe0f8b8a3b17991bb917a0d438a4d34",
        "type": "github"
      },
      "original": {
        "owner": "uiriansan",
        "repo": "SilentSDDM",
        "type": "github"
      }
    },
    "sops-nix": {
      "inputs": {
        "nixpkgs": [
          "nixpkgs"
        ]
      },
      "locked": {
        "lastModified": 1790247521,
        "narHash": "sha256-TNfgoHsqsYYvaJImlWctfRkh4PseTagzegU1Dgdbehw=",
        "owner": "Mic92",
        "repo": "sops-nix",
        "rev": "2bd00bd9bb35fe6d114888c8f1c2e946c541dd8f",
        "type": "github"
      },
      "original": {
        "owner": "Mic92",
        "repo": "sops-nix",
        "type": "github"
      }
    },
    "systems": {
      "locked": {
        "lastModified": 1681028828,
        "narHash": "sha256-Vy1rq5AaRuLzOxct8nz4T6wlgyUR7zLU309k9mBC768=",
        "owner": "nix-systems",
        "repo": "default",
        "rev": "da67096a3b9bf56a91d16901293e51ba5b49a27e",
        "type": "github"
      },
      "original": {
        "owner": "nix-systems",
        "repo": "default",
        "type": "github"
      }
    },
    "systems_2": {
      "locked": {
        "lastModified": 1681028828,
        "narHash": "sha256-Vy1rq5AaRuLzOxct8nz4T6wlgyUR7zLU309k9mBC768=",
        "owner": "nix-systems",
        "repo": "default",
        "rev": "da67096a3b9bf56a91d16901293e51ba5b49a27e",
        "type": "github"
      },
      "original": {
        "owner": "nix-systems",
        "repo": "default",
        "type": "github"
      }
    },
    "tmux-sessionizer": {
      "inputs": {
        "crane": "crane",
        "flake-parts": "flake-parts",
        "nixpkgs": [
          "nixpkgs"
        ],
        "rust-overlay": "rust-overlay_2"
      },
      "locked": {
        "lastModified": 1790519745,
        "narHash": "sha256-EnricQhz1YEuB3Z0Hn6djltZH3f2tkv/c3XO25QaZpI=",
        "owner": "Peanutt42",
        "repo": "tmux-sessionizer",
        "rev": "c4350e323810dd68cd0d791894018c7ed3ea9729",
        "type": "github"
      },
      "original": {
        "owner": "Peanutt42",
        "ref": "feat/create-windows-for-worktrees",
        "repo": "tmux-sessionizer",
        "type": "github"
      }
    }
  },
  "root": "root",
  "version": 7
}
